
Microsoft Visual Studio Solution File, Format Version 12.00
# Visual Studio Version 16
VisualStudioVersion = 16.0.32002.261
MinimumVisualStudioVersion = 10.0.40219.1
Project("{9A19103F-16F7-4668-BE54-9A1E7A4F7556}") = "CUNA.Documents.Service", "CUNA.Documents.Service\CUNA.Documents.Service.csproj", "{9DC92937-2038-4613-9554-6235CC071FF7}"
EndProject
Project("{FAE04EC0-301F-11D3-BF4B-00C04F79EFBC}") = "CUNA.Documents.Service.Models", "CUNA.Documents.Service.Models\CUNA.Documents.Service.Models.csproj", "{55AD56EB-E57A-4716-8BB1-F0038A0278F7}"
EndProject
Global
	GlobalSection(SolutionConfigurationPlatforms) = preSolution
		Debug|Any CPU = Debug|Any CPU
		Release|Any CPU = Release|Any CPU
	EndGlobalSection
	GlobalSection(ProjectConfigurationPlatforms) = postSolution
		{9DC92937-2038-4613-9554-6235CC071FF7}.Debug|Any CPU.ActiveCfg = Debug|Any CPU
		{9DC92937-2038-4613-9554-6235CC071FF7}.Debug|Any CPU.Build.0 = Debug|Any CPU
		{9DC92937-2038-4613-9554-6235CC071FF7}.Release|Any CPU.ActiveCfg = Release|Any CPU
		{9DC92937-2038-4613-9554-6235CC071FF7}.Release|Any CPU.Build.0 = Release|Any CPU
		{55AD56EB-E57A-4716-8BB1-F0038A0278F7}.Debug|Any CPU.ActiveCfg = Debug|Any CPU
		{55AD56EB-E57A-4716-8BB1-F0038A0278F7}.Debug|Any CPU.Build.0 = Debug|Any CPU
		{55AD56EB-E57A-4716-8BB1-F0038A0278F7}.Release|Any CPU.ActiveCfg = Release|Any CPU
		{55AD56EB-E57A-4716-8BB1-F0038A0278F7}.Release|Any CPU.Build.0 = Release|Any CPU
	EndGlobalSection
	GlobalSection(SolutionProperties) = preSolution
		HideSolutionNode = FALSE
	EndGlobalSection
	GlobalSection(ExtensibilityGlobals) = postSolution
		SolutionGuid = {1AE047A1-512C-4CCD-8F4B-B2E3CD358E19}
	EndGlobalSection
EndGlobal
